
Microsoft Visual Studio Solution File, Format Version 12.00
# Visual Studio Version 17
VisualStudioVersion = 17.4.33110.190
MinimumVisualStudioVersion = 10.0.40219.1
Project("{FAE04EC0-301F-11D3-BF4B-00C04F79EFBC}") = "DNSmonitor", "DNSmonitor.csproj", "{3297401B-8D73-4A91-AC32-552FF82DFCF2}"
EndProject
Global
	GlobalSection(SolutionConfigurationPlatforms) = preSolution
		Debug|Any CPU = Debug|Any CPU
		Release|Any CPU = Release|Any CPU
	EndGlobalSection
	GlobalSection(ProjectConfigurationPlatforms) = postSolution
		{3297401B-8D73-4A91-AC32-552FF82DFCF2}.Debug|Any CPU.ActiveCfg = Debug|Any CPU
		{3297401B-8D73-4A91-AC32-552FF82DFCF2}.Debug|Any CPU.Build.0 = Debug|Any CPU
		{3297401B-8D73-4A91-AC32-552FF82DFCF2}.Release|Any CPU.ActiveCfg = Release|Any CPU
		{3297401B-8D73-4A91-AC32-552FF82DFCF2}.Release|Any CPU.Build.0 = Release|Any CPU
	EndGlobalSection
	GlobalSection(SolutionProperties) = preSolution
		HideSolutionNode = FALSE
	EndGlobalSection
	GlobalSection(ExtensibilityGlobals) = postSolution
		SolutionGuid = {F8076C4A-505B-4791-90D1-4C6F55B67422}
	EndGlobalSection
EndGlobal
